
Microsoft Visual Studio Solution File, Format Version 12.00
# Visual Studio 2012
Project("{FAE04EC0-301F-11D3-BF4B-00C04F79EFBC}") = "Diplomaster", "Diplomaster\Diplomaster.csproj", "{51EE2D96-0C39-4B9D-BEC2-464798BC46A3}"
EndProject
Global
	GlobalSection(SolutionConfigurationPlatforms) = preSolution
		Debug|Any CPU = Debug|Any CPU
		Release|Any CPU = Release|Any CPU
	EndGlobalSection
	GlobalSection(ProjectConfigurationPlatforms) = postSolution
		{51EE2D96-0C39-4B9D-BEC2-464798BC46A3}.Debug|Any CPU.ActiveCfg = Debug|Any CPU
		{51EE2D96-0C39-4B9D-BEC2-464798BC46A3}.Debug|Any CPU.Build.0 = Debug|Any CPU
		{51EE2D96-0C39-4B9D-BEC2-464798BC46A3}.Release|Any CPU.ActiveCfg = Release|Any CPU
		{51EE2D96-0C39-4B9D-BEC2-464798BC46A3}.Release|Any CPU.Build.0 = Release|Any CPU
	EndGlobalSection
	GlobalSection(SolutionProperties) = preSolution
		HideSolutionNode = FALSE
	EndGlobalSection
EndGlobal
